
Microsoft Visual Studio Solution File, Format Version 12.00
# Visual Studio Version 17
VisualStudioVersion = 17.5.33627.172
MinimumVisualStudioVersion = 10.0.40219.1
Project("{FAE04EC0-301F-11D3-BF4B-00C04F79EFBC}") = "AnalyzerVehicleSimulator", "AnalyzerVehicleSimulator\AnalyzerVehicleSimulator.csproj", "{6E9A805A-F81C-43E1-8FF7-526FEE4FA07A}"
EndProject
Global
	GlobalSection(SolutionConfigurationPlatforms) = preSolution
		Debug|Any CPU = Debug|Any CPU
		Release|Any CPU = Release|Any CPU
	EndGlobalSection
	GlobalSection(ProjectConfigurationPlatforms) = postSolution
		{6E9A805A-F81C-43E1-8FF7-526FEE4FA07A}.Debug|Any CPU.ActiveCfg = Debug|Any CPU
		{6E9A805A-F81C-43E1-8FF7-526FEE4FA07A}.Debug|Any CPU.Build.0 = Debug|Any CPU
		{6E9A805A-F81C-43E1-8FF7-526FEE4FA07A}.Release|Any CPU.ActiveCfg = Release|Any CPU
		{6E9A805A-F81C-43E1-8FF7-526FEE4FA07A}.Release|Any CPU.Build.0 = Release|Any CPU
	EndGlobalSection
	GlobalSection(SolutionProperties) = preSolution
		HideSolutionNode = FALSE
	EndGlobalSection
	GlobalSection(ExtensibilityGlobals) = postSolution
		SolutionGuid = {2E76D5F9-F1B8-43D1-9FF5-6D8B6A2531F5}
	EndGlobalSection
EndGlobal
