
Microsoft Visual Studio Solution File, Format Version 12.00
# Visual Studio Version 17
VisualStudioVersion = 17.5.33627.172
MinimumVisualStudioVersion = 10.0.40219.1
Project("{FAE04EC0-301F-11D3-BF4B-00C04F79EFBC}") = "RSUDataIngestor", "RSUDataIngestor\RSUDataIngestor.csproj", "{BD555F6B-5506-4018-8971-070DFFD65604}"
EndProject
Global
	GlobalSection(SolutionConfigurationPlatforms) = preSolution
		Debug|Any CPU = Debug|Any CPU
		Release|Any CPU = Release|Any CPU
	EndGlobalSection
	GlobalSection(ProjectConfigurationPlatforms) = postSolution
		{BD555F6B-5506-4018-8971-070DFFD65604}.Debug|Any CPU.ActiveCfg = Debug|Any CPU
		{BD555F6B-5506-4018-8971-070DFFD65604}.Debug|Any CPU.Build.0 = Debug|Any CPU
		{BD555F6B-5506-4018-8971-070DFFD65604}.Release|Any CPU.ActiveCfg = Release|Any CPU
		{BD555F6B-5506-4018-8971-070DFFD65604}.Release|Any CPU.Build.0 = Release|Any CPU
	EndGlobalSection
	GlobalSection(SolutionProperties) = preSolution
		HideSolutionNode = FALSE
	EndGlobalSection
	GlobalSection(ExtensibilityGlobals) = postSolution
		SolutionGuid = {54BFA2B2-C2C5-4382-BF98-7A82C8D1A3F5}
	EndGlobalSection
EndGlobal
